
Microsoft Visual Studio Solution File, Format Version 12.00
# Visual Studio Version 17
VisualStudioVersion = 17.5.33502.453
MinimumVisualStudioVersion = 10.0.40219.1
Project("{FAE04EC0-301F-11D3-BF4B-00C04F79EFBC}") = "WebCrawler", "WebCrawler\WebCrawler.csproj", "{BE99824F-44B9-4E5B-861B-8B88BDD95EAE}"
EndProject
Global
	GlobalSection(SolutionConfigurationPlatforms) = preSolution
		Debug|Any CPU = Debug|Any CPU
		Release|Any CPU = Release|Any CPU
	EndGlobalSection
	GlobalSection(ProjectConfigurationPlatforms) = postSolution
		{BE99824F-44B9-4E5B-861B-8B88BDD95EAE}.Debug|Any CPU.ActiveCfg = Debug|Any CPU
		{BE99824F-44B9-4E5B-861B-8B88BDD95EAE}.Debug|Any CPU.Build.0 = Debug|Any CPU
		{BE99824F-44B9-4E5B-861B-8B88BDD95EAE}.Release|Any CPU.ActiveCfg = Release|Any CPU
		{BE99824F-44B9-4E5B-861B-8B88BDD95EAE}.Release|Any CPU.Build.0 = Release|Any CPU
	EndGlobalSection
	GlobalSection(SolutionProperties) = preSolution
		HideSolutionNode = FALSE
	EndGlobalSection
	GlobalSection(ExtensibilityGlobals) = postSolution
		SolutionGuid = {C68CBEFD-7D23-4A27-B354-1933F00179BB}
	EndGlobalSection
EndGlobal
